
Microsoft Visual Studio Solution File, Format Version 12.00
# Visual Studio Version 16
VisualStudioVersion = 16.0.30804.86
MinimumVisualStudioVersion = 10.0.40219.1
Project("{FAE04EC0-301F-11D3-BF4B-00C04F79EFBC}") = "WpfApp3", "WpfApp3\WpfApp3.csproj", "{605D0D6C-AF60-4BE6-BBB6-3850F4E059F9}"
EndProject
Project("{FAE04EC0-301F-11D3-BF4B-00C04F79EFBC}") = "WebApplication1", "WebApplication1\WebApplication1.csproj", "{595ADD59-307C-4079-BCB7-A727C1F543B2}"
EndProject
Project("{FAE04EC0-301F-11D3-BF4B-00C04F79EFBC}") = "ClassLibrary1", "ClassLibrary1\ClassLibrary1.csproj", "{CFE972E2-9430-43E8-876E-DE4FE1D4E543}"
EndProject
Global
	GlobalSection(SolutionConfigurationPlatforms) = preSolution
		Debug|Any CPU = Debug|Any CPU
		Release|Any CPU = Release|Any CPU
	EndGlobalSection
	GlobalSection(ProjectConfigurationPlatforms) = postSolution
		{605D0D6C-AF60-4BE6-BBB6-3850F4E059F9}.Debug|Any CPU.ActiveCfg = Debug|Any CPU
		{605D0D6C-AF60-4BE6-BBB6-3850F4E059F9}.Debug|Any CPU.Build.0 = Debug|Any CPU
		{605D0D6C-AF60-4BE6-BBB6-3850F4E059F9}.Release|Any CPU.ActiveCfg = Release|Any CPU
		{605D0D6C-AF60-4BE6-BBB6-3850F4E059F9}.Release|Any CPU.Build.0 = Release|Any CPU
		{595ADD59-307C-4079-BCB7-A727C1F543B2}.Debug|Any CPU.ActiveCfg = Debug|Any CPU
		{595ADD59-307C-4079-BCB7-A727C1F543B2}.Debug|Any CPU.Build.0 = Debug|Any CPU
		{595ADD59-307C-4079-BCB7-A727C1F543B2}.Release|Any CPU.ActiveCfg = Release|Any CPU
		{595ADD59-307C-4079-BCB7-A727C1F543B2}.Release|Any CPU.Build.0 = Release|Any CPU
		{CFE972E2-9430-43E8-876E-DE4FE1D4E543}.Debug|Any CPU.ActiveCfg = Debug|Any CPU
		{CFE972E2-9430-43E8-876E-DE4FE1D4E543}.Debug|Any CPU.Build.0 = Debug|Any CPU
		{CFE972E2-9430-43E8-876E-DE4FE1D4E543}.Release|Any CPU.ActiveCfg = Release|Any CPU
		{CFE972E2-9430-43E8-876E-DE4FE1D4E543}.Release|Any CPU.Build.0 = Release|Any CPU
	EndGlobalSection
	GlobalSection(SolutionProperties) = preSolution
		HideSolutionNode = FALSE
	EndGlobalSection
	GlobalSection(ExtensibilityGlobals) = postSolution
		SolutionGuid = {104A3371-58DA-4EED-A0D2-423C5CF6BCBA}
	EndGlobalSection
EndGlobal
